[{<<"antidote_pb">>,
  {git,"https://github.com/SyncFree/antidote_pb",
       {ref,"09a2f884a6e0b388475576701b096741d48f48fb"}},
  0},
 {<<"goldrush">>,
  {git,"git://github.com/DeadZen/goldrush.git",
       {ref,"212299233c7e7eb63a97be2777e1c05ebaa58dbe"}},
  2},
 {<<"lager">>,
  {git,"git://github.com/basho/lager",
       {ref,"8187757388c9adc915379caaab36a2f2ca26e944"}},
  1},
 {<<"protobuffs">>,
  {git,"git://github.com/basho/erlang_protobuffs.git",
       {ref,"0dde9d3b37b7bec3a4dfb0e87684dd7039e169ab"}},
  2},
 {<<"riak_pb">>,
  {git,"git://github.com/syncfree/riak_pb",
       {ref,"322309b2bb69b38191a51b21247a71b5e412e656"}},
  1}].
